Microsoft Visual Studio Solution File, Format Version 12.00
# Visual Studio Version 16
VisualStudioVersion = 16.0.29519.87
MinimumVisualStudioVersion = 10.0.40219.1
Project("{FAE04EC0-301F-11D3-BF4B-00C04F79EFBC}") = "FilterDataSample", "FilterDataSample\FilterDataSample.csproj", "{F26B07D2-CAD8-40BC-9269-1B4E289314F2}"
EndProject
Global
	GlobalSection(SolutionConfigurationPlatforms) = preSolution
		Debug|Any CPU = Debug|Any CPU
		Release|Any CPU = Release|Any CPU
	EndGlobalSection
	GlobalSection(ProjectConfigurationPlatforms) = postSolution
		{F26B07D2-CAD8-40BC-9269-1B4E289314F2}.Debug|Any CPU.ActiveCfg = Debug|Any CPU
		{F26B07D2-CAD8-40BC-9269-1B4E289314F2}.Debug|Any CPU.Build.0 = Debug|Any CPU
		{F26B07D2-CAD8-40BC-9269-1B4E289314F2}.Release|Any CPU.ActiveCfg = Release|Any CPU
		{F26B07D2-CAD8-40BC-9269-1B4E289314F2}.Release|Any CPU.Build.0 = Release|Any CPU
	EndGlobalSection
	GlobalSection(SolutionProperties) = preSolution
		HideSolutionNode = FALSE
	EndGlobalSection
	GlobalSection(ExtensibilityGlobals) = postSolution
		SolutionGuid = {67C0A312-1FAA-42D0-A9AD-37D71E027F17}
	EndGlobalSection
EndGlobal
